
Microsoft Visual Studio Solution File, Format Version 11.00
# Visual Studio 2010
# SharpDevelop 5.1
Project("{FAE04EC0-301F-11D3-BF4B-00C04F79EFBC}") = "andres", "andres\andres.csproj", "{650C9E32-3BE9-4784-AAD2-07842D741ED7}"
EndProject
Global
	GlobalSection(SolutionConfigurationPlatforms) = preSolution
		Debug|Any CPU = Debug|Any CPU
		Release|Any CPU = Release|Any CPU
	EndGlobalSection
	GlobalSection(ProjectConfigurationPlatforms) = postSolution
		{650C9E32-3BE9-4784-AAD2-07842D741ED7}.Debug|Any CPU.ActiveCfg = Debug|Any CPU
		{650C9E32-3BE9-4784-AAD2-07842D741ED7}.Debug|Any CPU.Build.0 = Debug|Any CPU
		{650C9E32-3BE9-4784-AAD2-07842D741ED7}.Release|Any CPU.ActiveCfg = Release|Any CPU
		{650C9E32-3BE9-4784-AAD2-07842D741ED7}.Release|Any CPU.Build.0 = Release|Any CPU
	EndGlobalSection
EndGlobal
